
Microsoft Visual Studio Solution File, Format Version 12.00
# Visual Studio Version 16
VisualStudioVersion = 16.0.809.6
MinimumVisualStudioVersion = 10.0.40219.1
Project("{FAE04EC0-301F-11D3-BF4B-00C04F79EFBC}") = "Application_API", "Application_API\Application_API.csproj", "{E68DAA18-A420-494A-8276-AD4A275104C6}"
EndProject
Global
	GlobalSection(SolutionConfigurationPlatforms) = preSolution
		Debug|Any CPU = Debug|Any CPU
		Release|Any CPU = Release|Any CPU
	EndGlobalSection
	GlobalSection(ProjectConfigurationPlatforms) = postSolution
		{E68DAA18-A420-494A-8276-AD4A275104C6}.Debug|Any CPU.ActiveCfg = Debug|Any CPU
		{E68DAA18-A420-494A-8276-AD4A275104C6}.Debug|Any CPU.Build.0 = Debug|Any CPU
		{E68DAA18-A420-494A-8276-AD4A275104C6}.Release|Any CPU.ActiveCfg = Release|Any CPU
		{E68DAA18-A420-494A-8276-AD4A275104C6}.Release|Any CPU.Build.0 = Release|Any CPU
	EndGlobalSection
	GlobalSection(SolutionProperties) = preSolution
		HideSolutionNode = FALSE
	EndGlobalSection
	GlobalSection(ExtensibilityGlobals) = postSolution
		SolutionGuid = {47963711-851E-4C0A-B76A-2C4D45FC6AD6}
	EndGlobalSection
EndGlobal
