
Microsoft Visual Studio Solution File, Format Version 12.00
# Visual Studio Version 17
VisualStudioVersion = 17.0.31903.59
MinimumVisualStudioVersion = 10.0.40219.1

Project("{2150E333-8FDC-42A3-9474-1A3956D46DE8}") = "Users", "Users", "{7D8A9912-7E72-4EBE-B74C-EE07E010024D}"
EndProject
Project("{9A19103F-16F7-4668-BE54-9A1E7A4F7556}") = "Users_Database", "Users\Users_Database\Users_Database.csproj", "{189E1B56-6254-48E9-99E7-81F477A89D19}"
EndProject
Project("{9A19103F-16F7-4668-BE54-9A1E7A4F7556}") = "API_Users", "Users\API_User\API_Users.csproj", "{DC6B5280-E33D-452B-8136-717C23243939}"
EndProject
Project("{9A19103F-16F7-4668-BE54-9A1E7A4F7556}") = "User_Command", "Users\User_Command\User_Command.csproj", "{40D6CFCB-E15C-41A8-995F-584A2BC8362C}"
EndProject

Project("{2150E333-8FDC-42A3-9474-1A3956D46DE8}") = "Infrastructure", "Infrastructure", "{36DE75BF-A5BB-46C7-A808-F75A4CC4A957}"
EndProject
Project("{9A19103F-16F7-4668-BE54-9A1E7A4F7556}") = "Application_Core", "Infrastructure\Application_Core\Application_Core.csproj", "{413DDA25-C246-4BFB-856A-FE5D5B7F5494}"
EndProject
Project("{9A19103F-16F7-4668-BE54-9A1E7A4F7556}") = "Application_Infrastructure", "Infrastructure\Application_Infrastructure\Application_Infrastructure.csproj", "{66631894-99F7-4CBB-A5EE-926FD6E0F2AF}"
EndProject
Project("{9A19103F-16F7-4668-BE54-9A1E7A4F7556}") = "Application_Common", "Infrastructure\Application_Common\Application_Common.csproj", "{1F2940DA-43C8-4F5B-926B-69A93A779BF8}"
EndProject

Project("{2150E333-8FDC-42A3-9474-1A3956D46DE8}") = "Getway", "Getway", "{398D346C-859C-4096-9A61-46EDD310B6DD}"
EndProject
Project("{9A19103F-16F7-4668-BE54-9A1E7A4F7556}") = "API_Getway", "Getway\API_Getway\API_Getway.csproj", "{E7E50AAF-BDC7-4339-97AA-CBA2C45A2AFD}"
EndProject

Project("{2150E333-8FDC-42A3-9474-1A3956D46DE8}") = "Login", "Login", "{68B7B575-D5F3-4BCF-9FCC-904E098DB954}"
EndProject
Project("{9A19103F-16F7-4668-BE54-9A1E7A4F7556}") = "API_Login", "Login\API_Login\API_Login.csproj", "{82BCB127-6549-4FD4-8E69-48D46F863DE5}"
EndProject
Project("{9A19103F-16F7-4668-BE54-9A1E7A4F7556}") = "Login_Command", "Login\Login_Command\Login_Command.csproj", "{089C173A-B10C-4647-BED4-7F28C979D02F}"
EndProject

Project("{2150E333-8FDC-42A3-9474-1A3956D46DE8}") = "Database", "Database", "{F4543493-272F-482F-A23A-507BBD151D9F}"
EndProject
Project("{9A19103F-16F7-4668-BE54-9A1E7A4F7556}") = "Log_Database", "Database\Log_Database\Log_Database.csproj", "{92BB1520-1776-4D7B-BAAD-B20EC39378A9}"
EndProject

Project("{2150E333-8FDC-42A3-9474-1A3956D46DE8}") = "Masters", "Masters", "{2E798A42-17B9-4F73-AB6F-708C05652B6C}"
EndProject
Project("{9A19103F-16F7-4668-BE54-9A1E7A4F7556}") = "API_Mastes", "Masters\API_Mastes\API_Mastes.csproj", "{ACEE12D0-27EF-49E5-964E-116E3B366892}"
EndProject
Project("{9A19103F-16F7-4668-BE54-9A1E7A4F7556}") = "Masters_Command", "Masters\Masters_Command\Masters_Command.csproj", "{59D3734A-3F8D-4A68-AF22-7C5F461905A8}"
EndProject
Project("{FAE04EC0-301F-11D3-BF4B-00C04F79EFBC}") = "Masters_Database", "Masters\Masters_Database\Masters_Database.csproj", "{5C81245D-D033-4208-99F4-FC6121E6AD42}"
EndProject

Global
	GlobalSection(SolutionConfigurationPlatforms) = preSolution
		Debug|Any CPU = Debug|Any CPU
		Debug|x64 = Debug|x64
		Release|Any CPU = Release|Any CPU
		Release|x64 = Release|x64
	EndGlobalSection
	GlobalSection(ProjectConfigurationPlatforms) = postSolution
		{189E1B56-6254-48E9-99E7-81F477A89D19}.Debug|Any CPU.ActiveCfg = Debug|Any CPU
		{189E1B56-6254-48E9-99E7-81F477A89D19}.Debug|Any CPU.Build.0 = Debug|Any CPU
		{189E1B56-6254-48E9-99E7-81F477A89D19}.Debug|x64.ActiveCfg = Debug|Any CPU
		{189E1B56-6254-48E9-99E7-81F477A89D19}.Debug|x64.Build.0 = Debug|Any CPU
		{189E1B56-6254-48E9-99E7-81F477A89D19}.Release|Any CPU.ActiveCfg = Release|Any CPU
		{189E1B56-6254-48E9-99E7-81F477A89D19}.Release|Any CPU.Build.0 = Release|Any CPU
		{189E1B56-6254-48E9-99E7-81F477A89D19}.Release|x64.ActiveCfg = Release|Any CPU
		{189E1B56-6254-48E9-99E7-81F477A89D19}.Release|x64.Build.0 = Release|Any CPU
		{413DDA25-C246-4BFB-856A-FE5D5B7F5494}.Debug|Any CPU.ActiveCfg = Debug|Any CPU
		{413DDA25-C246-4BFB-856A-FE5D5B7F5494}.Debug|Any CPU.Build.0 = Debug|Any CPU
		{413DDA25-C246-4BFB-856A-FE5D5B7F5494}.Debug|x64.ActiveCfg = Debug|Any CPU
		{413DDA25-C246-4BFB-856A-FE5D5B7F5494}.Debug|x64.Build.0 = Debug|Any CPU
		{413DDA25-C246-4BFB-856A-FE5D5B7F5494}.Release|Any CPU.ActiveCfg = Release|Any CPU
		{413DDA25-C246-4BFB-856A-FE5D5B7F5494}.Release|Any CPU.Build.0 = Release|Any CPU
		{413DDA25-C246-4BFB-856A-FE5D5B7F5494}.Release|x64.ActiveCfg = Release|Any CPU
		{413DDA25-C246-4BFB-856A-FE5D5B7F5494}.Release|x64.Build.0 = Release|Any CPU
		{66631894-99F7-4CBB-A5EE-926FD6E0F2AF}.Debug|Any CPU.ActiveCfg = Debug|Any CPU
		{66631894-99F7-4CBB-A5EE-926FD6E0F2AF}.Debug|Any CPU.Build.0 = Debug|Any CPU
		{66631894-99F7-4CBB-A5EE-926FD6E0F2AF}.Debug|x64.ActiveCfg = Debug|Any CPU
		{66631894-99F7-4CBB-A5EE-926FD6E0F2AF}.Debug|x64.Build.0 = Debug|Any CPU
		{66631894-99F7-4CBB-A5EE-926FD6E0F2AF}.Release|Any CPU.ActiveCfg = Release|Any CPU
		{66631894-99F7-4CBB-A5EE-926FD6E0F2AF}.Release|Any CPU.Build.0 = Release|Any CPU
		{66631894-99F7-4CBB-A5EE-926FD6E0F2AF}.Release|x64.ActiveCfg = Release|Any CPU
		{66631894-99F7-4CBB-A5EE-926FD6E0F2AF}.Release|x64.Build.0 = Release|Any CPU
		{1F2940DA-43C8-4F5B-926B-69A93A779BF8}.Debug|Any CPU.ActiveCfg = Debug|Any CPU
		{1F2940DA-43C8-4F5B-926B-69A93A779BF8}.Debug|Any CPU.Build.0 = Debug|Any CPU
		{1F2940DA-43C8-4F5B-926B-69A93A779BF8}.Debug|x64.ActiveCfg = Debug|Any CPU
		{1F2940DA-43C8-4F5B-926B-69A93A779BF8}.Debug|x64.Build.0 = Debug|Any CPU
		{1F2940DA-43C8-4F5B-926B-69A93A779BF8}.Release|Any CPU.ActiveCfg = Release|Any CPU
		{1F2940DA-43C8-4F5B-926B-69A93A779BF8}.Release|Any CPU.Build.0 = Release|Any CPU
		{1F2940DA-43C8-4F5B-926B-69A93A779BF8}.Release|x64.ActiveCfg = Release|Any CPU
		{1F2940DA-43C8-4F5B-926B-69A93A779BF8}.Release|x64.Build.0 = Release|Any CPU
		{DC6B5280-E33D-452B-8136-717C23243939}.Debug|Any CPU.ActiveCfg = Debug|Any CPU
		{DC6B5280-E33D-452B-8136-717C23243939}.Debug|Any CPU.Build.0 = Debug|Any CPU
		{DC6B5280-E33D-452B-8136-717C23243939}.Debug|x64.ActiveCfg = Debug|Any CPU
		{DC6B5280-E33D-452B-8136-717C23243939}.Debug|x64.Build.0 = Debug|Any CPU
		{DC6B5280-E33D-452B-8136-717C23243939}.Release|Any CPU.ActiveCfg = Release|Any CPU
		{DC6B5280-E33D-452B-8136-717C23243939}.Release|Any CPU.Build.0 = Release|Any CPU
		{DC6B5280-E33D-452B-8136-717C23243939}.Release|x64.ActiveCfg = Release|Any CPU
		{DC6B5280-E33D-452B-8136-717C23243939}.Release|x64.Build.0 = Release|Any CPU
		{40D6CFCB-E15C-41A8-995F-584A2BC8362C}.Debug|Any CPU.ActiveCfg = Debug|Any CPU
		{40D6CFCB-E15C-41A8-995F-584A2BC8362C}.Debug|Any CPU.Build.0 = Debug|Any CPU
		{40D6CFCB-E15C-41A8-995F-584A2BC8362C}.Debug|x64.ActiveCfg = Debug|Any CPU
		{40D6CFCB-E15C-41A8-995F-584A2BC8362C}.Debug|x64.Build.0 = Debug|Any CPU
		{40D6CFCB-E15C-41A8-995F-584A2BC8362C}.Release|Any CPU.ActiveCfg = Release|Any CPU
		{40D6CFCB-E15C-41A8-995F-584A2BC8362C}.Release|Any CPU.Build.0 = Release|Any CPU
		{40D6CFCB-E15C-41A8-995F-584A2BC8362C}.Release|x64.ActiveCfg = Release|Any CPU
		{40D6CFCB-E15C-41A8-995F-584A2BC8362C}.Release|x64.Build.0 = Release|Any CPU
		{E7E50AAF-BDC7-4339-97AA-CBA2C45A2AFD}.Debug|Any CPU.ActiveCfg = Debug|Any CPU
		{E7E50AAF-BDC7-4339-97AA-CBA2C45A2AFD}.Debug|Any CPU.Build.0 = Debug|Any CPU
		{E7E50AAF-BDC7-4339-97AA-CBA2C45A2AFD}.Debug|x64.ActiveCfg = Debug|Any CPU
		{E7E50AAF-BDC7-4339-97AA-CBA2C45A2AFD}.Debug|x64.Build.0 = Debug|Any CPU
		{E7E50AAF-BDC7-4339-97AA-CBA2C45A2AFD}.Release|Any CPU.ActiveCfg = Release|Any CPU
		{E7E50AAF-BDC7-4339-97AA-CBA2C45A2AFD}.Release|Any CPU.Build.0 = Release|Any CPU
		{E7E50AAF-BDC7-4339-97AA-CBA2C45A2AFD}.Release|x64.ActiveCfg = Release|Any CPU
		{E7E50AAF-BDC7-4339-97AA-CBA2C45A2AFD}.Release|x64.Build.0 = Release|Any CPU
		{82BCB127-6549-4FD4-8E69-48D46F863DE5}.Debug|Any CPU.ActiveCfg = Debug|Any CPU
		{82BCB127-6549-4FD4-8E69-48D46F863DE5}.Debug|Any CPU.Build.0 = Debug|Any CPU
		{82BCB127-6549-4FD4-8E69-48D46F863DE5}.Debug|x64.ActiveCfg = Debug|Any CPU
		{82BCB127-6549-4FD4-8E69-48D46F863DE5}.Debug|x64.Build.0 = Debug|Any CPU
		{82BCB127-6549-4FD4-8E69-48D46F863DE5}.Release|Any CPU.ActiveCfg = Release|Any CPU
		{82BCB127-6549-4FD4-8E69-48D46F863DE5}.Release|Any CPU.Build.0 = Release|Any CPU
		{82BCB127-6549-4FD4-8E69-48D46F863DE5}.Release|x64.ActiveCfg = Release|Any CPU
		{82BCB127-6549-4FD4-8E69-48D46F863DE5}.Release|x64.Build.0 = Release|Any CPU
		{089C173A-B10C-4647-BED4-7F28C979D02F}.Debug|Any CPU.ActiveCfg = Debug|Any CPU
		{089C173A-B10C-4647-BED4-7F28C979D02F}.Debug|Any CPU.Build.0 = Debug|Any CPU
		{089C173A-B10C-4647-BED4-7F28C979D02F}.Debug|x64.ActiveCfg = Debug|Any CPU
		{089C173A-B10C-4647-BED4-7F28C979D02F}.Debug|x64.Build.0 = Debug|Any CPU
		{089C173A-B10C-4647-BED4-7F28C979D02F}.Release|Any CPU.ActiveCfg = Release|Any CPU
		{089C173A-B10C-4647-BED4-7F28C979D02F}.Release|Any CPU.Build.0 = Release|Any CPU
		{089C173A-B10C-4647-BED4-7F28C979D02F}.Release|x64.ActiveCfg = Release|Any CPU
		{089C173A-B10C-4647-BED4-7F28C979D02F}.Release|x64.Build.0 = Release|Any CPU
		{92BB1520-1776-4D7B-BAAD-B20EC39378A9}.Debug|Any CPU.ActiveCfg = Debug|Any CPU
		{92BB1520-1776-4D7B-BAAD-B20EC39378A9}.Debug|Any CPU.Build.0 = Debug|Any CPU
		{92BB1520-1776-4D7B-BAAD-B20EC39378A9}.Debug|x64.ActiveCfg = Debug|Any CPU
		{92BB1520-1776-4D7B-BAAD-B20EC39378A9}.Debug|x64.Build.0 = Debug|Any CPU
		{92BB1520-1776-4D7B-BAAD-B20EC39378A9}.Release|Any CPU.ActiveCfg = Release|Any CPU
		{92BB1520-1776-4D7B-BAAD-B20EC39378A9}.Release|Any CPU.Build.0 = Release|Any CPU
		{92BB1520-1776-4D7B-BAAD-B20EC39378A9}.Release|x64.ActiveCfg = Release|Any CPU
		{92BB1520-1776-4D7B-BAAD-B20EC39378A9}.Release|x64.Build.0 = Release|Any CPU
		{ACEE12D0-27EF-49E5-964E-116E3B366892}.Debug|Any CPU.ActiveCfg = Debug|Any CPU
		{ACEE12D0-27EF-49E5-964E-116E3B366892}.Debug|Any CPU.Build.0 = Debug|Any CPU
		{ACEE12D0-27EF-49E5-964E-116E3B366892}.Debug|x64.ActiveCfg = Debug|Any CPU
		{ACEE12D0-27EF-49E5-964E-116E3B366892}.Debug|x64.Build.0 = Debug|Any CPU
		{ACEE12D0-27EF-49E5-964E-116E3B366892}.Release|Any CPU.ActiveCfg = Release|Any CPU
		{ACEE12D0-27EF-49E5-964E-116E3B366892}.Release|Any CPU.Build.0 = Release|Any CPU
		{ACEE12D0-27EF-49E5-964E-116E3B366892}.Release|x64.ActiveCfg = Release|Any CPU
		{ACEE12D0-27EF-49E5-964E-116E3B366892}.Release|x64.Build.0 = Release|Any CPU
		{59D3734A-3F8D-4A68-AF22-7C5F461905A8}.Debug|Any CPU.ActiveCfg = Debug|Any CPU
		{59D3734A-3F8D-4A68-AF22-7C5F461905A8}.Debug|Any CPU.Build.0 = Debug|Any CPU
		{59D3734A-3F8D-4A68-AF22-7C5F461905A8}.Debug|x64.ActiveCfg = Debug|Any CPU
		{59D3734A-3F8D-4A68-AF22-7C5F461905A8}.Debug|x64.Build.0 = Debug|Any CPU
		{59D3734A-3F8D-4A68-AF22-7C5F461905A8}.Release|Any CPU.ActiveCfg = Release|Any CPU
		{59D3734A-3F8D-4A68-AF22-7C5F461905A8}.Release|Any CPU.Build.0 = Release|Any CPU
		{59D3734A-3F8D-4A68-AF22-7C5F461905A8}.Release|x64.ActiveCfg = Release|Any CPU
		{59D3734A-3F8D-4A68-AF22-7C5F461905A8}.Release|x64.Build.0 = Release|Any CPU
		{5C81245D-D033-4208-99F4-FC6121E6AD42}.Debug|Any CPU.ActiveCfg = Debug|Any CPU
		{5C81245D-D033-4208-99F4-FC6121E6AD42}.Debug|Any CPU.Build.0 = Debug|Any CPU
		{5C81245D-D033-4208-99F4-FC6121E6AD42}.Debug|x64.ActiveCfg = Debug|Any CPU
		{5C81245D-D033-4208-99F4-FC6121E6AD42}.Debug|x64.Build.0 = Debug|Any CPU
		{5C81245D-D033-4208-99F4-FC6121E6AD42}.Release|Any CPU.ActiveCfg = Release|Any CPU
		{5C81245D-D033-4208-99F4-FC6121E6AD42}.Release|Any CPU.Build.0 = Release|Any CPU
		{5C81245D-D033-4208-99F4-FC6121E6AD42}.Release|x64.ActiveCfg = Release|Any CPU
		{5C81245D-D033-4208-99F4-FC6121E6AD42}.Release|x64.Build.0 = Release|Any CPU
	EndGlobalSection
	GlobalSection(SolutionProperties) = preSolution
		HideSolutionNode = FALSE
	EndGlobalSection
	GlobalSection(NestedProjects) = preSolution
		{189E1B56-6254-48E9-99E7-81F477A89D19} = {7D8A9912-7E72-4EBE-B74C-EE07E010024D}
		{413DDA25-C246-4BFB-856A-FE5D5B7F5494} = {36DE75BF-A5BB-46C7-A808-F75A4CC4A957}
		{66631894-99F7-4CBB-A5EE-926FD6E0F2AF} = {36DE75BF-A5BB-46C7-A808-F75A4CC4A957}
		{1F2940DA-43C8-4F5B-926B-69A93A779BF8} = {36DE75BF-A5BB-46C7-A808-F75A4CC4A957}
		{DC6B5280-E33D-452B-8136-717C23243939} = {7D8A9912-7E72-4EBE-B74C-EE07E010024D}
		{40D6CFCB-E15C-41A8-995F-584A2BC8362C} = {7D8A9912-7E72-4EBE-B74C-EE07E010024D}
		{E7E50AAF-BDC7-4339-97AA-CBA2C45A2AFD} = {398D346C-859C-4096-9A61-46EDD310B6DD}
		{82BCB127-6549-4FD4-8E69-48D46F863DE5} = {68B7B575-D5F3-4BCF-9FCC-904E098DB954}
		{089C173A-B10C-4647-BED4-7F28C979D02F} = {68B7B575-D5F3-4BCF-9FCC-904E098DB954}
		{92BB1520-1776-4D7B-BAAD-B20EC39378A9} = {F4543493-272F-482F-A23A-507BBD151D9F}
		{ACEE12D0-27EF-49E5-964E-116E3B366892} = {2E798A42-17B9-4F73-AB6F-708C05652B6C}
		{59D3734A-3F8D-4A68-AF22-7C5F461905A8} = {2E798A42-17B9-4F73-AB6F-708C05652B6C}
		{5C81245D-D033-4208-99F4-FC6121E6AD42} = {2E798A42-17B9-4F73-AB6F-708C05652B6C}
	EndGlobalSection
	GlobalSection(ExtensibilityGlobals) = postSolution
		SolutionGuid = {47963711-851E-4C0A-B76A-2C4D45FC6AD6}
	EndGlobalSection
EndGlobal
